
Microsoft Visual Studio Solution File, Format Version 12.00
# Visual Studio Version 17
VisualStudioVersion = 17.6.33815.320
MinimumVisualStudioVersion = 10.0.40219.1
Project("{FAE04EC0-301F-11D3-BF4B-00C04F79EFBC}") = "#79", "#79\#79.csproj", "{3F5B134B-45ED-4B5E-8EC4-FD71CF52C8AD}"
EndProject
Global
	GlobalSection(SolutionConfigurationPlatforms) = preSolution
		Debug|Any CPU = Debug|Any CPU
		Release|Any CPU = Release|Any CPU
	EndGlobalSection
	GlobalSection(ProjectConfigurationPlatforms) = postSolution
		{3F5B134B-45ED-4B5E-8EC4-FD71CF52C8AD}.Debug|Any CPU.ActiveCfg = Debug|Any CPU
		{3F5B134B-45ED-4B5E-8EC4-FD71CF52C8AD}.Debug|Any CPU.Build.0 = Debug|Any CPU
		{3F5B134B-45ED-4B5E-8EC4-FD71CF52C8AD}.Release|Any CPU.ActiveCfg = Release|Any CPU
		{3F5B134B-45ED-4B5E-8EC4-FD71CF52C8AD}.Release|Any CPU.Build.0 = Release|Any CPU
	EndGlobalSection
	GlobalSection(SolutionProperties) = preSolution
		HideSolutionNode = FALSE
	EndGlobalSection
	GlobalSection(ExtensibilityGlobals) = postSolution
		SolutionGuid = {B943BA94-B2A9-42D1-9407-37069526CCC0}
	EndGlobalSection
EndGlobal
